
Microsoft Visual Studio Solution File, Format Version 12.00
# Visual Studio 15
VisualStudioVersion = 15.0.28010.2041
MinimumVisualStudioVersion = 10.0.40219.1
Project("{FAE04EC0-301F-11D3-BF4B-00C04F79EFBC}") = "ServerUser", "ServerUser\ServerUser.csproj", "{1122A467-425D-49FA-8F38-9880C942C406}"
EndProject
Project("{FAE04EC0-301F-11D3-BF4B-00C04F79EFBC}") = "ProtocolTest", "ProtocolTest\ProtocolTest.csproj", "{2B89682B-7297-4CE7-9DF7-67EB778B8939}"
EndProject
Global
	GlobalSection(SolutionConfigurationPlatforms) = preSolution
		Debug|Any CPU = Debug|Any CPU
		Release|Any CPU = Release|Any CPU
	EndGlobalSection
	GlobalSection(ProjectConfigurationPlatforms) = postSolution
		{1122A467-425D-49FA-8F38-9880C942C406}.Debug|Any CPU.ActiveCfg = Debug|Any CPU
		{1122A467-425D-49FA-8F38-9880C942C406}.Debug|Any CPU.Build.0 = Debug|Any CPU
		{1122A467-425D-49FA-8F38-9880C942C406}.Release|Any CPU.ActiveCfg = Release|Any CPU
		{1122A467-425D-49FA-8F38-9880C942C406}.Release|Any CPU.Build.0 = Release|Any CPU
		{2B89682B-7297-4CE7-9DF7-67EB778B8939}.Debug|Any CPU.ActiveCfg = Debug|Any CPU
		{2B89682B-7297-4CE7-9DF7-67EB778B8939}.Debug|Any CPU.Build.0 = Debug|Any CPU
		{2B89682B-7297-4CE7-9DF7-67EB778B8939}.Release|Any CPU.ActiveCfg = Release|Any CPU
		{2B89682B-7297-4CE7-9DF7-67EB778B8939}.Release|Any CPU.Build.0 = Release|Any CPU
	EndGlobalSection
	GlobalSection(SolutionProperties) = preSolution
		HideSolutionNode = FALSE
	EndGlobalSection
	GlobalSection(ExtensibilityGlobals) = postSolution
		SolutionGuid = {66A68517-6BAB-40D0-BB76-6B3AAB0B8E0B}
	EndGlobalSection
EndGlobal
