
Microsoft Visual Studio Solution File, Format Version 12.00
# Visual Studio 15
VisualStudioVersion = 15.0.27703.2042
MinimumVisualStudioVersion = 10.0.40219.1
Project("{FAE04EC0-301F-11D3-BF4B-00C04F79EFBC}") = "Demo2", "Demo2\Demo2.csproj", "{CFB07E56-8384-4D07-B83E-0943C2DC69EC}"
EndProject
Global
	GlobalSection(SolutionConfigurationPlatforms) = preSolution
		Debug|Any CPU = Debug|Any CPU
		Release|Any CPU = Release|Any CPU
	EndGlobalSection
	GlobalSection(ProjectConfigurationPlatforms) = postSolution
		{CFB07E56-8384-4D07-B83E-0943C2DC69EC}.Debug|Any CPU.ActiveCfg = Debug|Any CPU
		{CFB07E56-8384-4D07-B83E-0943C2DC69EC}.Debug|Any CPU.Build.0 = Debug|Any CPU
		{CFB07E56-8384-4D07-B83E-0943C2DC69EC}.Release|Any CPU.ActiveCfg = Release|Any CPU
		{CFB07E56-8384-4D07-B83E-0943C2DC69EC}.Release|Any CPU.Build.0 = Release|Any CPU
	EndGlobalSection
	GlobalSection(SolutionProperties) = preSolution
		HideSolutionNode = FALSE
	EndGlobalSection
	GlobalSection(ExtensibilityGlobals) = postSolution
		SolutionGuid = {BA5E6965-162F-4767-94F7-55C2E42768F1}
	EndGlobalSection
EndGlobal
